
Microsoft Visual Studio Solution File, Format Version 12.00
# Visual Studio Version 16
VisualStudioVersion = 16.0.31911.196
MinimumVisualStudioVersion = 10.0.40219.1
Project("{FAE04EC0-301F-11D3-BF4B-00C04F79EFBC}") = "TravelExpertsMVC", "TravelExpertsMVC\TravelExpertsMVC.csproj", "{B16EEAAD-6290-4BC1-87E5-6E72CE482251}"
EndProject
Project("{FAE04EC0-301F-11D3-BF4B-00C04F79EFBC}") = "TravelExpertsData", "TravelExpertsData\TravelExpertsData.csproj", "{EE798BB5-1200-4FDA-A05A-A69B4711BB55}"
EndProject
Global
	GlobalSection(SolutionConfigurationPlatforms) = preSolution
		Debug|Any CPU = Debug|Any CPU
		Release|Any CPU = Release|Any CPU
	EndGlobalSection
	GlobalSection(ProjectConfigurationPlatforms) = postSolution
		{B16EEAAD-6290-4BC1-87E5-6E72CE482251}.Debug|Any CPU.ActiveCfg = Debug|Any CPU
		{B16EEAAD-6290-4BC1-87E5-6E72CE482251}.Debug|Any CPU.Build.0 = Debug|Any CPU
		{B16EEAAD-6290-4BC1-87E5-6E72CE482251}.Release|Any CPU.ActiveCfg = Release|Any CPU
		{B16EEAAD-6290-4BC1-87E5-6E72CE482251}.Release|Any CPU.Build.0 = Release|Any CPU
		{EE798BB5-1200-4FDA-A05A-A69B4711BB55}.Debug|Any CPU.ActiveCfg = Debug|Any CPU
		{EE798BB5-1200-4FDA-A05A-A69B4711BB55}.Debug|Any CPU.Build.0 = Debug|Any CPU
		{EE798BB5-1200-4FDA-A05A-A69B4711BB55}.Release|Any CPU.ActiveCfg = Release|Any CPU
		{EE798BB5-1200-4FDA-A05A-A69B4711BB55}.Release|Any CPU.Build.0 = Release|Any CPU
	EndGlobalSection
	GlobalSection(SolutionProperties) = preSolution
		HideSolutionNode = FALSE
	EndGlobalSection
	GlobalSection(ExtensibilityGlobals) = postSolution
		SolutionGuid = {0D92A719-6D8E-453B-ABDD-BE99FCDC2947}
	EndGlobalSection
EndGlobal
